
Microsoft Visual Studio Solution File, Format Version 12.00
# Visual Studio Version 17
VisualStudioVersion = 17.0.32014.148
MinimumVisualStudioVersion = 10.0.40219.1
Project("{FAE04EC0-301F-11D3-BF4B-00C04F79EFBC}") = "Add_Two_Number", "Add_Two_Number\Add_Two_Number.csproj", "{D58D1884-2070-475A-8A71-EE0D5634952B}"
EndProject
Global
	GlobalSection(SolutionConfigurationPlatforms) = preSolution
		Debug|Any CPU = Debug|Any CPU
		Release|Any CPU = Release|Any CPU
	EndGlobalSection
	GlobalSection(ProjectConfigurationPlatforms) = postSolution
		{D58D1884-2070-475A-8A71-EE0D5634952B}.Debug|Any CPU.ActiveCfg = Debug|Any CPU
		{D58D1884-2070-475A-8A71-EE0D5634952B}.Debug|Any CPU.Build.0 = Debug|Any CPU
		{D58D1884-2070-475A-8A71-EE0D5634952B}.Release|Any CPU.ActiveCfg = Release|Any CPU
		{D58D1884-2070-475A-8A71-EE0D5634952B}.Release|Any CPU.Build.0 = Release|Any CPU
	EndGlobalSection
	GlobalSection(SolutionProperties) = preSolution
		HideSolutionNode = FALSE
	EndGlobalSection
	GlobalSection(ExtensibilityGlobals) = postSolution
		SolutionGuid = {42670C5E-79B8-4412-9DB2-7F1D6626580B}
	EndGlobalSection
EndGlobal
